
Microsoft Visual Studio Solution File, Format Version 12.00
# Visual Studio 15
VisualStudioVersion = 15.0.27703.2042
MinimumVisualStudioVersion = 10.0.40219.1
Project("{FAE04EC0-301F-11D3-BF4B-00C04F79EFBC}") = "myx3p", "myx3p\myx3p.csproj", "{5BE10CE4-9C85-4C2A-885E-557AEE96361D}"
EndProject
Global
	GlobalSection(SolutionConfigurationPlatforms) = preSolution
		Debug|Any CPU = Debug|Any CPU
		Release|Any CPU = Release|Any CPU
	EndGlobalSection
	GlobalSection(ProjectConfigurationPlatforms) = postSolution
		{5BE10CE4-9C85-4C2A-885E-557AEE96361D}.Debug|Any CPU.ActiveCfg = Debug|Any CPU
		{5BE10CE4-9C85-4C2A-885E-557AEE96361D}.Debug|Any CPU.Build.0 = Debug|Any CPU
		{5BE10CE4-9C85-4C2A-885E-557AEE96361D}.Release|Any CPU.ActiveCfg = Release|Any CPU
		{5BE10CE4-9C85-4C2A-885E-557AEE96361D}.Release|Any CPU.Build.0 = Release|Any CPU
	EndGlobalSection
	GlobalSection(SolutionProperties) = preSolution
		HideSolutionNode = FALSE
	EndGlobalSection
	GlobalSection(ExtensibilityGlobals) = postSolution
		SolutionGuid = {A7DAB9F1-EA51-458F-9B99-BA57060E467E}
	EndGlobalSection
EndGlobal
